// !$*UTF8*$!
{
	archiveVersion = 1;
	classes = {
	};
	objectVersion = 46;
	objects = {

/* Begin PBXBuildFile section */
		890659CF1B7CDD0500AC8059 /* GCD.m in Sources */ = {isa = PBXBuildFile; fileRef = 890659CA1B7CDD0500AC8059 /* GCD.m */; };
		890659D51B7CDE4900AC8059 /* Prime.m in Sources */ = {isa = PBXBuildFile; fileRef = 890659D41B7CDE4900AC8059 /* Prime.m */; };
		8922F3031B81908700BA680A /* DoorWithLock.m in Sources */ = {isa = PBXBuildFile; fileRef = 8922F3021B81908700BA680A /* DoorWithLock.m */; };
		89A283091B82CD8800ADFDF8 /* MinDistance.m in Sources */ = {isa = PBXBuildFile; fileRef = 89A283081B82CD8800ADFDF8 /* MinDistance.m */; };
		89A283111B82E40500ADFDF8 /* MaxSubSequenceSum.m in Sources */ = {isa = PBXBuildFile; fileRef = 89A283101B82E40500ADFDF8 /* MaxSubSequenceSum.m */; };
		89B8D3831B81BE2100226A18 /* OrderStatistic.m in Sources */ = {isa = PBXBuildFile; fileRef = 89B8D3821B81BE2100226A18 /* OrderStatistic.m */; };
		89B8D3881B81FD6500226A18 /* Sort.m in Sources */ = {isa = PBXBuildFile; fileRef = 89B8D3871B81FD6500226A18 /* Sort.m */; };
		89C8511F1B80294400CBD361 /* NSArray+Print.m in Sources */ = {isa = PBXBuildFile; fileRef = 89C8511E1B80294400CBD361 /* NSArray+Print.m */; };
		89C851221B80367A00CBD361 /* Sqrt.m in Sources */ = {isa = PBXBuildFile; fileRef = 89C851211B80367A00CBD361 /* Sqrt.m */; };
		89D9E95F1B86D23E0024B25A /* main.m in Sources */ = {isa = PBXBuildFile; fileRef = 89D9E95E1B86D23E0024B25A /* main.m */; };
		89DDCB0A1B7ED98800F2FC68 /* NSArray+Init.m in Sources */ = {isa = PBXBuildFile; fileRef = 89DDCB091B7ED98800F2FC68 /* NSArray+Init.m */; };
		89FC4CA31B7CE24D0096337B /* Help.m in Sources */ = {isa = PBXBuildFile; fileRef = 89FC4CA21B7CE24D0096337B /* Help.m */; };
		89FC4CAD1B7CE8B50096337B /* NSMutableArray+Init.m in Sources */ = {isa = PBXBuildFile; fileRef = 89FC4CAC1B7CE8B50096337B /* NSMutableArray+Init.m */; };
/* End PBXBuildFile section */

/* Begin PBXCopyFilesBuildPhase section */
		890659B21B7CDBED00AC8059 /* CopyFiles */ = {
			isa = PBXCopyFilesBuildPhase;
			buildActionMask = 2147483647;
			dstPath = /usr/share/man/man1/;
			dstSubfolderSpec = 0;
			files = (
			);
			runOnlyForDeploymentPostprocessing = 1;
		};
/* End PBXCopyFilesBuildPhase section */

/* Begin PBXFileReference section */
		890659B41B7CDBED00AC8059 /* Algorithm */ = {isa = PBXFileReference; explicitFileType = "compiled.mach-o.executable"; includeInIndex = 0; path = Algorithm; sourceTree = BUILT_PRODUCTS_DIR; };
		890659C91B7CDD0500AC8059 /* GCD.h */ = {isa = PBXFileReference; fileEncoding = 4; lastKnownFileType = sourcecode.c.h; name = GCD.h; path = GCD/GCD.h; sourceTree = "<group>"; };
		890659CA1B7CDD0500AC8059 /* GCD.m */ = {isa = PBXFileReference; fileEncoding = 4; lastKnownFileType = sourcecode.c.objc; name = GCD.m; path = GCD/GCD.m; sourceTree = "<group>"; };
		890659D31B7CDE4900AC8059 /* Prime.h */ = {isa = PBXFileReference; fileEncoding = 4; lastKnownFileType = sourcecode.c.h; name = Prime.h; path = Sieve/Prime.h; sourceTree = "<group>"; };
		890659D41B7CDE4900AC8059 /* Prime.m */ = {isa = PBXFileReference; fileEncoding = 4; lastKnownFileType = sourcecode.c.objc; name = Prime.m; path = Sieve/Prime.m; sourceTree = "<group>"; };
		8922F3011B81908700BA680A /* DoorWithLock.h */ = {isa = PBXFileReference; fileEncoding = 4; lastKnownFileType = sourcecode.c.h; path = DoorWithLock.h; sourceTree = "<group>"; };
		8922F3021B81908700BA680A /* DoorWithLock.m */ = {isa = PBXFileReference; fileEncoding = 4; lastKnownFileType = sourcecode.c.objc; path = DoorWithLock.m; sourceTree = "<group>"; };
		89A283071B82CD8800ADFDF8 /* MinDistance.h */ = {isa = PBXFileReference; fileEncoding = 4; lastKnownFileType = sourcecode.c.h; path = MinDistance.h; sourceTree = "<group>"; };
		89A283081B82CD8800ADFDF8 /* MinDistance.m */ = {isa = PBXFileReference; fileEncoding = 4; lastKnownFileType = sourcecode.c.objc; path = MinDistance.m; sourceTree = "<group>"; };
		89A2830F1B82E40500ADFDF8 /* MaxSubSequenceSum.h */ = {isa = PBXFileReference; fileEncoding = 4; lastKnownFileType = sourcecode.c.h; path = MaxSubSequenceSum.h; sourceTree = "<group>"; };
		89A283101B82E40500ADFDF8 /* MaxSubSequenceSum.m */ = {isa = PBXFileReference; fileEncoding = 4; lastKnownFileType = sourcecode.c.objc; path = MaxSubSequenceSum.m; sourceTree = "<group>"; };
		89B8D3811B81BE2100226A18 /* OrderStatistic.h */ = {isa = PBXFileReference; fileEncoding = 4; lastKnownFileType = sourcecode.c.h; path = OrderStatistic.h; sourceTree = "<group>"; };
		89B8D3821B81BE2100226A18 /* OrderStatistic.m */ = {isa = PBXFileReference; fileEncoding = 4; lastKnownFileType = sourcecode.c.objc; path = OrderStatistic.m; sourceTree = "<group>"; };
		89B8D3861B81FD6500226A18 /* Sort.h */ = {isa = PBXFileReference; fileEncoding = 4; lastKnownFileType = sourcecode.c.h; path = Sort.h; sourceTree = "<group>"; };
		89B8D3871B81FD6500226A18 /* Sort.m */ = {isa = PBXFileReference; fileEncoding = 4; lastKnownFileType = sourcecode.c.objc; path = Sort.m; sourceTree = "<group>"; };
		89C8511D1B80294400CBD361 /* NSArray+Print.h */ = {isa = PBXFileReference; fileEncoding = 4; lastKnownFileType = sourcecode.c.h; path = "NSArray+Print.h"; sourceTree = "<group>"; };
		89C8511E1B80294400CBD361 /* NSArray+Print.m */ = {isa = PBXFileReference; fileEncoding = 4; lastKnownFileType = sourcecode.c.objc; path = "NSArray+Print.m"; sourceTree = "<group>"; };
		89C851201B80367A00CBD361 /* Sqrt.h */ = {isa = PBXFileReference; fileEncoding = 4; lastKnownFileType = sourcecode.c.h; path = Sqrt.h; sourceTree = "<group>"; };
		89C851211B80367A00CBD361 /* Sqrt.m */ = {isa = PBXFileReference; fileEncoding = 4; lastKnownFileType = sourcecode.c.objc; path = Sqrt.m; sourceTree = "<group>"; };
		89D9E95D1B86D1CC0024B25A /* Helper.h */ = {isa = PBXFileReference; fileEncoding = 4; lastKnownFileType = sourcecode.c.h; name = Helper.h; path = Helper/Helper.h; sourceTree = "<group>"; };
		89D9E95E1B86D23E0024B25A /* main.m */ = {isa = PBXFileReference; fileEncoding = 4; lastKnownFileType = sourcecode.c.objc; name = main.m; path = Main/main.m; sourceTree = SOURCE_ROOT; };
		89D9E9601B86D2490024B25A /* Header.h */ = {isa = PBXFileReference; fileEncoding = 4; lastKnownFileType = sourcecode.c.h; name = Header.h; path = Main/Header.h; sourceTree = SOURCE_ROOT; };
		89DDCB081B7ED98800F2FC68 /* NSArray+Init.h */ = {isa = PBXFileReference; fileEncoding = 4; lastKnownFileType = sourcecode.c.h; path = "NSArray+Init.h"; sourceTree = "<group>"; };
		89DDCB091B7ED98800F2FC68 /* NSArray+Init.m */ = {isa = PBXFileReference; fileEncoding = 4; lastKnownFileType = sourcecode.c.objc; path = "NSArray+Init.m"; sourceTree = "<group>"; };
		89FC4CA11B7CE24D0096337B /* Help.h */ = {isa = PBXFileReference; fileEncoding = 4; lastKnownFileType = sourcecode.c.h; name = Help.h; path = Helper/Help.h; sourceTree = "<group>"; };
		89FC4CA21B7CE24D0096337B /* Help.m */ = {isa = PBXFileReference; fileEncoding = 4; lastKnownFileType = sourcecode.c.objc; name = Help.m; path = Helper/Help.m; sourceTree = "<group>"; };
		89FC4CAB1B7CE8B50096337B /* NSMutableArray+Init.h */ = {isa = PBXFileReference; fileEncoding = 4; lastKnownFileType = sourcecode.c.h; path = "NSMutableArray+Init.h"; sourceTree = "<group>"; };
		89FC4CAC1B7CE8B50096337B /* NSMutableArray+Init.m */ = {isa = PBXFileReference; fileEncoding = 4; lastKnownFileType = sourcecode.c.objc; path = "NSMutableArray+Init.m"; sourceTree = "<group>"; };
/* End PBXFileReference section */

/* Begin PBXFrameworksBuildPhase section */
		890659B11B7CDBED00AC8059 /* Frameworks */ = {
			isa = PBXFrameworksBuildPhase;
			buildActionMask = 2147483647;
			files = (
			);
			runOnlyForDeploymentPostprocessing = 0;
		};
/* End PBXFrameworksBuildPhase section */

/* Begin PBXGroup section */
		890659AB1B7CDBED00AC8059 = {
			isa = PBXGroup;
			children = (
				89A283131B85C26C00ADFDF8 /* Sequence */,
				89A2830D1B82D58E00ADFDF8 /* Number */,
				89A283121B85C23E00ADFDF8 /* Tree */,
				89A2830A1B82D57500ADFDF8 /* Search */,
				89A2830B1B82D57C00ADFDF8 /* String */,
				89A2830C1B82D58500ADFDF8 /* Graphic */,
				89B8D3851B81FD3A00226A18 /* Sort */,
				8922F3001B81903600BA680A /* Algorithm */,
				89FC4CA81B7CE4450096337B /* Category */,
				890659D61B7CE1C600AC8059 /* Helper */,
				890659B61B7CDBED00AC8059 /* Main */,
				890659B51B7CDBED00AC8059 /* Products */,
			);
			sourceTree = "<group>";
		};
		890659B51B7CDBED00AC8059 /* Products */ = {
			isa = PBXGroup;
			children = (
				890659B41B7CDBED00AC8059 /* Algorithm */,
			);
			name = Products;
			sourceTree = "<group>";
		};
		890659B61B7CDBED00AC8059 /* Main */ = {
			isa = PBXGroup;
			children = (
				89D9E9601B86D2490024B25A /* Header.h */,
				89D9E95E1B86D23E0024B25A /* main.m */,
			);
			name = Main;
			path = Algorithm;
			sourceTree = "<group>";
		};
		890659D61B7CE1C600AC8059 /* Helper */ = {
			isa = PBXGroup;
			children = (
				89D9E95D1B86D1CC0024B25A /* Helper.h */,
				89FC4CA11B7CE24D0096337B /* Help.h */,
				89FC4CA21B7CE24D0096337B /* Help.m */,
			);
			name = Helper;
			sourceTree = "<group>";
		};
		8922F3001B81903600BA680A /* Algorithm */ = {
			isa = PBXGroup;
			children = (
				8922F3011B81908700BA680A /* DoorWithLock.h */,
				8922F3021B81908700BA680A /* DoorWithLock.m */,
			);
			name = Algorithm;
			sourceTree = "<group>";
		};
		89A2830A1B82D57500ADFDF8 /* Search */ = {
			isa = PBXGroup;
			children = (
			);
			name = Search;
			sourceTree = "<group>";
		};
		89A2830B1B82D57C00ADFDF8 /* String */ = {
			isa = PBXGroup;
			children = (
			);
			name = String;
			sourceTree = "<group>";
		};
		89A2830C1B82D58500ADFDF8 /* Graphic */ = {
			isa = PBXGroup;
			children = (
			);
			name = Graphic;
			sourceTree = "<group>";
		};
		89A2830D1B82D58E00ADFDF8 /* Number */ = {
			isa = PBXGroup;
			children = (
				890659D31B7CDE4900AC8059 /* Prime.h */,
				890659D41B7CDE4900AC8059 /* Prime.m */,
				89C851201B80367A00CBD361 /* Sqrt.h */,
				89C851211B80367A00CBD361 /* Sqrt.m */,
				890659C91B7CDD0500AC8059 /* GCD.h */,
				890659CA1B7CDD0500AC8059 /* GCD.m */,
			);
			name = Number;
			sourceTree = "<group>";
		};
		89A283121B85C23E00ADFDF8 /* Tree */ = {
			isa = PBXGroup;
			children = (
			);
			name = Tree;
			sourceTree = "<group>";
		};
		89A283131B85C26C00ADFDF8 /* Sequence */ = {
			isa = PBXGroup;
			children = (
				89A283071B82CD8800ADFDF8 /* MinDistance.h */,
				89A283081B82CD8800ADFDF8 /* MinDistance.m */,
				89A2830F1B82E40500ADFDF8 /* MaxSubSequenceSum.h */,
				89A283101B82E40500ADFDF8 /* MaxSubSequenceSum.m */,
				89B8D3811B81BE2100226A18 /* OrderStatistic.h */,
				89B8D3821B81BE2100226A18 /* OrderStatistic.m */,
			);
			name = Sequence;
			sourceTree = "<group>";
		};
		89B8D3851B81FD3A00226A18 /* Sort */ = {
			isa = PBXGroup;
			children = (
				89B8D3861B81FD6500226A18 /* Sort.h */,
				89B8D3871B81FD6500226A18 /* Sort.m */,
			);
			name = Sort;
			sourceTree = "<group>";
		};
		89FC4CA81B7CE4450096337B /* Category */ = {
			isa = PBXGroup;
			children = (
				89FC4CAB1B7CE8B50096337B /* NSMutableArray+Init.h */,
				89FC4CAC1B7CE8B50096337B /* NSMutableArray+Init.m */,
				89DDCB081B7ED98800F2FC68 /* NSArray+Init.h */,
				89DDCB091B7ED98800F2FC68 /* NSArray+Init.m */,
				89C8511D1B80294400CBD361 /* NSArray+Print.h */,
				89C8511E1B80294400CBD361 /* NSArray+Print.m */,
			);
			name = Category;
			sourceTree = "<group>";
		};
/* End PBXGroup section */

/* Begin PBXNativeTarget section */
		890659B31B7CDBED00AC8059 /* Algorithm */ = {
			isa = PBXNativeTarget;
			buildConfigurationList = 890659BB1B7CDBED00AC8059 /* Build configuration list for PBXNativeTarget "Algorithm" */;
			buildPhases = (
				890659B01B7CDBED00AC8059 /* Sources */,
				890659B11B7CDBED00AC8059 /* Frameworks */,
				890659B21B7CDBED00AC8059 /* CopyFiles */,
			);
			buildRules = (
			);
			dependencies = (
			);
			name = Algorithm;
			productName = Algorithm;
			productReference = 890659B41B7CDBED00AC8059 /* Algorithm */;
			productType = "com.apple.product-type.tool";
		};
/* End PBXNativeTarget section */

/* Begin PBXProject section */
		890659AC1B7CDBED00AC8059 /* Project object */ = {
			isa = PBXProject;
			attributes = {
				LastUpgradeCheck = 0640;
				ORGANIZATIONNAME = com.tencent;
				TargetAttributes = {
					890659B31B7CDBED00AC8059 = {
						CreatedOnToolsVersion = 6.4;
					};
				};
			};
			buildConfigurationList = 890659AF1B7CDBED00AC8059 /* Build configuration list for PBXProject "Algorithm" */;
			compatibilityVersion = "Xcode 3.2";
			developmentRegion = English;
			hasScannedForEncodings = 0;
			knownRegions = (
				en,
			);
			mainGroup = 890659AB1B7CDBED00AC8059;
			productRefGroup = 890659B51B7CDBED00AC8059 /* Products */;
			projectDirPath = "";
			projectRoot = "";
			targets = (
				890659B31B7CDBED00AC8059 /* Algorithm */,
			);
		};
/* End PBXProject section */

/* Begin PBXSourcesBuildPhase section */
		890659B01B7CDBED00AC8059 /* Sources */ = {
			isa = PBXSourcesBuildPhase;
			buildActionMask = 2147483647;
			files = (
				89D9E95F1B86D23E0024B25A /* main.m in Sources */,
				89C8511F1B80294400CBD361 /* NSArray+Print.m in Sources */,
				89DDCB0A1B7ED98800F2FC68 /* NSArray+Init.m in Sources */,
				89A283111B82E40500ADFDF8 /* MaxSubSequenceSum.m in Sources */,
				890659CF1B7CDD0500AC8059 /* GCD.m in Sources */,
				89B8D3881B81FD6500226A18 /* Sort.m in Sources */,
				8922F3031B81908700BA680A /* DoorWithLock.m in Sources */,
				89C851221B80367A00CBD361 /* Sqrt.m in Sources */,
				890659D51B7CDE4900AC8059 /* Prime.m in Sources */,
				89FC4CA31B7CE24D0096337B /* Help.m in Sources */,
				89B8D3831B81BE2100226A18 /* OrderStatistic.m in Sources */,
				89FC4CAD1B7CE8B50096337B /* NSMutableArray+Init.m in Sources */,
				89A283091B82CD8800ADFDF8 /* MinDistance.m in Sources */,
			);
			runOnlyForDeploymentPostprocessing = 0;
		};
/* End PBXSourcesBuildPhase section */

/* Begin XCBuildConfiguration section */
		890659B91B7CDBED00AC8059 /* Debug */ = {
			isa = XCBuildConfiguration;
			buildSettings = {
				ALWAYS_SEARCH_USER_PATHS = NO;
				CLANG_CXX_LANGUAGE_STANDARD = "gnu++0x";
				CLANG_CXX_LIBRARY = "libc++";
				CLANG_ENABLE_MODULES = YES;
				CLANG_ENABLE_OBJC_ARC = YES;
				CLANG_WARN_BOOL_CONVERSION = YES;
				CLANG_WARN_CONSTANT_CONVERSION = YES;
				CLANG_WARN_DIRECT_OBJC_ISA_USAGE = YES_ERROR;
				CLANG_WARN_EMPTY_BODY = YES;
				CLANG_WARN_ENUM_CONVERSION = YES;
				CLANG_WARN_INT_CONVERSION = YES;
				CLANG_WARN_OBJC_ROOT_CLASS = YES_ERROR;
				CLANG_WARN_UNREACHABLE_CODE = YES;
				CLANG_WARN__DUPLICATE_METHOD_MATCH = YES;
				COPY_PHASE_STRIP = NO;
				DEBUG_INFORMATION_FORMAT = dwarf;
				ENABLE_STRICT_OBJC_MSGSEND = YES;
				GCC_C_LANGUAGE_STANDARD = gnu99;
				GCC_DYNAMIC_NO_PIC = NO;
				GCC_NO_COMMON_BLOCKS = YES;
				GCC_OPTIMIZATION_LEVEL = 0;
				GCC_PREPROCESSOR_DEFINITIONS = (
					"DEBUG=1",
					"$(inherited)",
				);
				GCC_SYMBOLS_PRIVATE_EXTERN = NO;
				GCC_WARN_64_TO_32_BIT_CONVERSION = YES;
				GCC_WARN_ABOUT_RETURN_TYPE = YES_ERROR;
				GCC_WARN_UNDECLARED_SELECTOR = YES;
				GCC_WARN_UNINITIALIZED_AUTOS = YES_AGGRESSIVE;
				GCC_WARN_UNUSED_FUNCTION = YES;
				GCC_WARN_UNUSED_VARIABLE = YES;
				MACOSX_DEPLOYMENT_TARGET = 10.10;
				MTL_ENABLE_DEBUG_INFO = YES;
				ONLY_ACTIVE_ARCH = YES;
				SDKROOT = macosx;
			};
			name = Debug;
		};
		890659BA1B7CDBED00AC8059 /* Release */ = {
			isa = XCBuildConfiguration;
			buildSettings = {
				ALWAYS_SEARCH_USER_PATHS = NO;
				CLANG_CXX_LANGUAGE_STANDARD = "gnu++0x";
				CLANG_CXX_LIBRARY = "libc++";
				CLANG_ENABLE_MODULES = YES;
				CLANG_ENABLE_OBJC_ARC = YES;
				CLANG_WARN_BOOL_CONVERSION = YES;
				CLANG_WARN_CONSTANT_CONVERSION = YES;
				CLANG_WARN_DIRECT_OBJC_ISA_USAGE = YES_ERROR;
				CLANG_WARN_EMPTY_BODY = YES;
				CLANG_WARN_ENUM_CONVERSION = YES;
				CLANG_WARN_INT_CONVERSION = YES;
				CLANG_WARN_OBJC_ROOT_CLASS = YES_ERROR;
				CLANG_WARN_UNREACHABLE_CODE = YES;
				CLANG_WARN__DUPLICATE_METHOD_MATCH = YES;
				COPY_PHASE_STRIP = NO;
				DEBUG_INFORMATION_FORMAT = "dwarf-with-dsym";
				ENABLE_NS_ASSERTIONS = NO;
				ENABLE_STRICT_OBJC_MSGSEND = YES;
				GCC_C_LANGUAGE_STANDARD = gnu99;
				GCC_NO_COMMON_BLOCKS = YES;
				GCC_WARN_64_TO_32_BIT_CONVERSION = YES;
				GCC_WARN_ABOUT_RETURN_TYPE = YES_ERROR;
				GCC_WARN_UNDECLARED_SELECTOR = YES;
				GCC_WARN_UNINITIALIZED_AUTOS = YES_AGGRESSIVE;
				GCC_WARN_UNUSED_FUNCTION = YES;
				GCC_WARN_UNUSED_VARIABLE = YES;
				MACOSX_DEPLOYMENT_TARGET = 10.10;
				MTL_ENABLE_DEBUG_INFO = NO;
				SDKROOT = macosx;
			};
			name = Release;
		};
		890659BC1B7CDBED00AC8059 /* Debug */ = {
			isa = XCBuildConfiguration;
			buildSettings = {
				PRODUCT_NAME = "$(TARGET_NAME)";
			};
			name = Debug;
		};
		890659BD1B7CDBED00AC8059 /* Release */ = {
			isa = XCBuildConfiguration;
			buildSettings = {
				PRODUCT_NAME = "$(TARGET_NAME)";
			};
			name = Release;
		};
/* End XCBuildConfiguration section */

/* Begin XCConfigurationList section */
		890659AF1B7CDBED00AC8059 /* Build configuration list for PBXProject "Algorithm" */ = {
			isa = XCConfigurationList;
			buildConfigurations = (
				890659B91B7CDBED00AC8059 /* Debug */,
				890659BA1B7CDBED00AC8059 /* Release */,
			);
			defaultConfigurationIsVisible = 0;
			defaultConfigurationName = Release;
		};
		890659BB1B7CDBED00AC8059 /* Build configuration list for PBXNativeTarget "Algorithm" */ = {
			isa = XCConfigurationList;
			buildConfigurations = (
				890659BC1B7CDBED00AC8059 /* Debug */,
				890659BD1B7CDBED00AC8059 /* Release */,
			);
			defaultConfigurationIsVisible = 0;
			defaultConfigurationName = Release;
		};
/* End XCConfigurationList section */
	};
	rootObject = 890659AC1B7CDBED00AC8059 /* Project object */;
}
